
Microsoft Visual Studio Solution File, Format Version 12.00
# Visual Studio Version 17
VisualStudioVersion = 17.2.32616.157
MinimumVisualStudioVersion = 10.0.40219.1
Project("{9A19103F-16F7-4668-BE54-9A1E7A4F7556}") = "SimpleSnmpClient", "SimpleSnmpClient.csproj", "{28D647A0-F201-4762-A8C7-6548A01D2FE3}"
EndProject
Project("{FAE04EC0-301F-11D3-BF4B-00C04F79EFBC}") = "SimpleSnmpClient.Core", "..\SimpleSnmpClient.Core\SimpleSnmpClient.Core.csproj", "{1C12BF1E-8A0D-45DC-BD7E-0AC3E83489AD}"
EndProject
Global
	GlobalSection(SolutionConfigurationPlatforms) = preSolution
		Debug|Any CPU = Debug|Any CPU
		Release|Any CPU = Release|Any CPU
	EndGlobalSection
	GlobalSection(ProjectConfigurationPlatforms) = postSolution
		{28D647A0-F201-4762-A8C7-6548A01D2FE3}.Debug|Any CPU.ActiveCfg = Debug|Any CPU
		{28D647A0-F201-4762-A8C7-6548A01D2FE3}.Debug|Any CPU.Build.0 = Debug|Any CPU
		{28D647A0-F201-4762-A8C7-6548A01D2FE3}.Release|Any CPU.ActiveCfg = Release|Any CPU
		{28D647A0-F201-4762-A8C7-6548A01D2FE3}.Release|Any CPU.Build.0 = Release|Any CPU
		{1C12BF1E-8A0D-45DC-BD7E-0AC3E83489AD}.Debug|Any CPU.ActiveCfg = Debug|Any CPU
		{1C12BF1E-8A0D-45DC-BD7E-0AC3E83489AD}.Debug|Any CPU.Build.0 = Debug|Any CPU
		{1C12BF1E-8A0D-45DC-BD7E-0AC3E83489AD}.Release|Any CPU.ActiveCfg = Release|Any CPU
		{1C12BF1E-8A0D-45DC-BD7E-0AC3E83489AD}.Release|Any CPU.Build.0 = Release|Any CPU
	EndGlobalSection
	GlobalSection(SolutionProperties) = preSolution
		HideSolutionNode = FALSE
	EndGlobalSection
	GlobalSection(ExtensibilityGlobals) = postSolution
		SolutionGuid = {6F8EF60F-6E34-41AA-AB31-807E612F6108}
	EndGlobalSection
EndGlobal
